
Microsoft Visual Studio Solution File, Format Version 12.00
# Visual Studio Version 16
VisualStudioVersion = 16.0.32901.82
MinimumVisualStudioVersion = 10.0.40219.1
Project("{C9674DCB-5085-4A16-B785-4C70DD1589BD}") = "Integration Services Project2", "Integration Services Project2\Integration Services Project2.dtproj", "{D951D8E4-FB08-485A-B30C-6F6E23820E47}"
EndProject
Global
	GlobalSection(SolutionConfigurationPlatforms) = preSolution
		Development|Default = Development|Default
	EndGlobalSection
	GlobalSection(ProjectConfigurationPlatforms) = postSolution
		{D951D8E4-FB08-485A-B30C-6F6E23820E47}.Development|Default.ActiveCfg = Development
		{D951D8E4-FB08-485A-B30C-6F6E23820E47}.Development|Default.Build.0 = Development
	EndGlobalSection
	GlobalSection(SolutionProperties) = preSolution
		HideSolutionNode = FALSE
	EndGlobalSection
	GlobalSection(ExtensibilityGlobals) = postSolution
		SolutionGuid = {D2CE4ABA-961E-441E-9B23-4F8F2633B5BF}
	EndGlobalSection
EndGlobal
